
Microsoft Visual Studio Solution File, Format Version 12.00
# Visual Studio Version 16
VisualStudioVersion = 16.0.30225.117
MinimumVisualStudioVersion = 10.0.40219.1
Project("{9A19103F-16F7-4668-BE54-9A1E7A4F7556}") = "SimpleCrypto.Core", "SimpleCrypto.Core.csproj", "{06DD2ABD-E833-40AC-82C6-2CEAC3941EE4}"
EndProject
Global
	GlobalSection(SolutionConfigurationPlatforms) = preSolution
		Debug|Any CPU = Debug|Any CPU
		Release|Any CPU = Release|Any CPU
	EndGlobalSection
	GlobalSection(ProjectConfigurationPlatforms) = postSolution
		{06DD2ABD-E833-40AC-82C6-2CEAC3941EE4}.Debug|Any CPU.ActiveCfg = Debug|Any CPU
		{06DD2ABD-E833-40AC-82C6-2CEAC3941EE4}.Debug|Any CPU.Build.0 = Debug|Any CPU
		{06DD2ABD-E833-40AC-82C6-2CEAC3941EE4}.Release|Any CPU.ActiveCfg = Release|Any CPU
		{06DD2ABD-E833-40AC-82C6-2CEAC3941EE4}.Release|Any CPU.Build.0 = Release|Any CPU
	EndGlobalSection
	GlobalSection(SolutionProperties) = preSolution
		HideSolutionNode = FALSE
	EndGlobalSection
	GlobalSection(ExtensibilityGlobals) = postSolution
		SolutionGuid = {F7D2F409-5623-446E-9D40-1E45F8A85FFA}
	EndGlobalSection
EndGlobal
